// !$*UTF8*$!
{
	archiveVersion = 1;
	classes = {
	};
	objectVersion = 46;
	objects = {

/* Begin PBXBuildFile section */
		284AA4881A2C9AEA00B76945 /* NewFile.swift in Sources */ = {isa = PBXBuildFile; fileRef = 284AA4871A2C9AEA00B76945 /* NewFile.swift */; };
		284AA48A1A2C9DCF00B76945 /* ClassesTableViewController.swift in Sources */ = {isa = PBXBuildFile; fileRef = 284AA4891A2C9DCF00B76945 /* ClassesTableViewController.swift */; };
		E11AA4CE1A2C8D0C008C162F /* AppDelegate.swift in Sources */ = {isa = PBXBuildFile; fileRef = E11AA4CD1A2C8D0C008C162F /* AppDelegate.swift */; };
		E11AA4D11A2C8D0C008C162F /* educal.xcdatamodeld in Sources */ = {isa = PBXBuildFile; fileRef = E11AA4CF1A2C8D0C008C162F /* educal.xcdatamodeld */; };
		E11AA4D31A2C8D0C008C162F /* ViewController.swift in Sources */ = {isa = PBXBuildFile; fileRef = E11AA4D21A2C8D0C008C162F /* ViewController.swift */; };
		E11AA4D61A2C8D0C008C162F /* Main.storyboard in Resources */ = {isa = PBXBuildFile; fileRef = E11AA4D41A2C8D0C008C162F /* Main.storyboard */; };
		E11AA4D81A2C8D0C008C162F /* Images.xcassets in Resources */ = {isa = PBXBuildFile; fileRef = E11AA4D71A2C8D0C008C162F /* Images.xcassets */; };
		E11AA4DB1A2C8D0C008C162F /* LaunchScreen.xib in Resources */ = {isa = PBXBuildFile; fileRef = E11AA4D91A2C8D0C008C162F /* LaunchScreen.xib */; };
		E11AA4E71A2C8D0C008C162F /* educalTests.swift in Sources */ = {isa = PBXBuildFile; fileRef = E11AA4E61A2C8D0C008C162F /* educalTests.swift */; };
		E15C109C1A2C9DCC00731772 /* LoginViewController.swift in Sources */ = {isa = PBXBuildFile; fileRef = E15C109B1A2C9DCC00731772 /* LoginViewController.swift */; };
/* End PBXBuildFile section */

/* Begin PBXContainerItemProxy section */
		E11AA4E11A2C8D0C008C162F /* PBXContainerItemProxy */ = {
			isa = PBXContainerItemProxy;
			containerPortal = E11AA4C01A2C8D0C008C162F /* Project object */;
			proxyType = 1;
			remoteGlobalIDString = E11AA4C71A2C8D0C008C162F;
			remoteInfo = educal;
		};
/* End PBXContainerItemProxy section */

/* Begin PBXFileReference section */
		284AA4871A2C9AEA00B76945 /* NewFile.swift */ = {isa = PBXFileReference; fileEncoding = 4; lastKnownFileType = sourcecode.swift; path = NewFile.swift; sourceTree = "<group>"; };
		284AA4891A2C9DCF00B76945 /* ClassesTableViewController.swift */ = {isa = PBXFileReference; fileEncoding = 4; lastKnownFileType = sourcecode.swift; path = ClassesTableViewController.swift; sourceTree = "<group>"; };
		E11AA4C81A2C8D0C008C162F /* educal.app */ = {isa = PBXFileReference; explicitFileType = wrapper.application; includeInIndex = 0; path = educal.app; sourceTree = BUILT_PRODUCTS_DIR; };
		E11AA4CC1A2C8D0C008C162F /* Info.plist */ = {isa = PBXFileReference; lastKnownFileType = text.plist.xml; path = Info.plist; sourceTree = "<group>"; };
		E11AA4CD1A2C8D0C008C162F /* AppDelegate.swift */ = {isa = PBXFileReference; lastKnownFileType = sourcecode.swift; path = AppDelegate.swift; sourceTree = "<group>"; };
		E11AA4D01A2C8D0C008C162F /* educal.xcdatamodel */ = {isa = PBXFileReference; lastKnownFileType = wrapper.xcdatamodel; path = educal.xcdatamodel; sourceTree = "<group>"; };
		E11AA4D21A2C8D0C008C162F /* ViewController.swift */ = {isa = PBXFileReference; lastKnownFileType = sourcecode.swift; path = ViewController.swift; sourceTree = "<group>"; };
		E11AA4D51A2C8D0C008C162F /* Base */ = {isa = PBXFileReference; lastKnownFileType = file.storyboard; name = Base; path = Base.lproj/Main.storyboard; sourceTree = "<group>"; };
		E11AA4D71A2C8D0C008C162F /* Images.xcassets */ = {isa = PBXFileReference; lastKnownFileType = folder.assetcatalog; path = Images.xcassets; sourceTree = "<group>"; };
		E11AA4DA1A2C8D0C008C162F /* Base */ = {isa = PBXFileReference; lastKnownFileType = file.xib; name = Base; path = Base.lproj/LaunchScreen.xib; sourceTree = "<group>"; };
		E11AA4E01A2C8D0C008C162F /* educalTests.xctest */ = {isa = PBXFileReference; explicitFileType = wrapper.cfbundle; includeInIndex = 0; path = educalTests.xctest; sourceTree = BUILT_PRODUCTS_DIR; };
		E11AA4E51A2C8D0C008C162F /* Info.plist */ = {isa = PBXFileReference; lastKnownFileType = text.plist.xml; path = Info.plist; sourceTree = "<group>"; };
		E11AA4E61A2C8D0C008C162F /* educalTests.swift */ = {isa = PBXFileReference; lastKnownFileType = sourcecode.swift; path = educalTests.swift; sourceTree = "<group>"; };
		E15C109B1A2C9DCC00731772 /* LoginViewController.swift */ = {isa = PBXFileReference; fileEncoding = 4; lastKnownFileType = sourcecode.swift; path = LoginViewController.swift; sourceTree = "<group>"; };
/* End PBXFileReference section */

/* Begin PBXFrameworksBuildPhase section */
		E11AA4C51A2C8D0C008C162F /* Frameworks */ = {
			isa = PBXFrameworksBuildPhase;
			buildActionMask = 2147483647;
			files = (
			);
			runOnlyForDeploymentPostprocessing = 0;
		};
		E11AA4DD1A2C8D0C008C162F /* Frameworks */ = {
			isa = PBXFrameworksBuildPhase;
			buildActionMask = 2147483647;
			files = (
			);
			runOnlyForDeploymentPostprocessing = 0;
		};
/* End PBXFrameworksBuildPhase section */

/* Begin PBXGroup section */
		E11AA4BF1A2C8D0C008C162F = {
			isa = PBXGroup;
			children = (
				E11AA4CA1A2C8D0C008C162F /* educal */,
				E11AA4E31A2C8D0C008C162F /* educalTests */,
				E11AA4C91A2C8D0C008C162F /* Products */,
			);
			sourceTree = "<group>";
		};
		E11AA4C91A2C8D0C008C162F /* Products */ = {
			isa = PBXGroup;
			children = (
				E11AA4C81A2C8D0C008C162F /* educal.app */,
				E11AA4E01A2C8D0C008C162F /* educalTests.xctest */,
			);
			name = Products;
			sourceTree = "<group>";
		};
		E11AA4CA1A2C8D0C008C162F /* educal */ = {
			isa = PBXGroup;
			children = (
				E11AA4CD1A2C8D0C008C162F /* AppDelegate.swift */,
				E11AA4D21A2C8D0C008C162F /* ViewController.swift */,
				E11AA4D41A2C8D0C008C162F /* Main.storyboard */,
				E15C109B1A2C9DCC00731772 /* LoginViewController.swift */,
				E11AA4D71A2C8D0C008C162F /* Images.xcassets */,
				E11AA4D91A2C8D0C008C162F /* LaunchScreen.xib */,
				E11AA4CF1A2C8D0C008C162F /* educal.xcdatamodeld */,
				E11AA4CB1A2C8D0C008C162F /* Supporting Files */,
				284AA4871A2C9AEA00B76945 /* NewFile.swift */,
				284AA4891A2C9DCF00B76945 /* ClassesTableViewController.swift */,
			);
			path = educal;
			sourceTree = "<group>";
		};
		E11AA4CB1A2C8D0C008C162F /* Supporting Files */ = {
			isa = PBXGroup;
			children = (
				E11AA4CC1A2C8D0C008C162F /* Info.plist */,
			);
			name = "Supporting Files";
			sourceTree = "<group>";
		};
		E11AA4E31A2C8D0C008C162F /* educalTests */ = {
			isa = PBXGroup;
			children = (
				E11AA4E61A2C8D0C008C162F /* educalTests.swift */,
				E11AA4E41A2C8D0C008C162F /* Supporting Files */,
			);
			path = educalTests;
			sourceTree = "<group>";
		};
		E11AA4E41A2C8D0C008C162F /* Supporting Files */ = {
			isa = PBXGroup;
			children = (
				E11AA4E51A2C8D0C008C162F /* Info.plist */,
			);
			name = "Supporting Files";
			sourceTree = "<group>";
		};
/* End PBXGroup section */

/* Begin PBXNativeTarget section */
		E11AA4C71A2C8D0C008C162F /* educal */ = {
			isa = PBXNativeTarget;
			buildConfigurationList = E11AA4EA1A2C8D0C008C162F /* Build configuration list for PBXNativeTarget "educal" */;
			buildPhases = (
				E11AA4C41A2C8D0C008C162F /* Sources */,
				E11AA4C51A2C8D0C008C162F /* Frameworks */,
				E11AA4C61A2C8D0C008C162F /* Resources */,
			);
			buildRules = (
			);
			dependencies = (
			);
			name = educal;
			productName = educal;
			productReference = E11AA4C81A2C8D0C008C162F /* educal.app */;
			productType = "com.apple.product-type.application";
		};
		E11AA4DF1A2C8D0C008C162F /* educalTests */ = {
			isa = PBXNativeTarget;
			buildConfigurationList = E11AA4ED1A2C8D0C008C162F /* Build configuration list for PBXNativeTarget "educalTests" */;
			buildPhases = (
				E11AA4DC1A2C8D0C008C162F /* Sources */,
				E11AA4DD1A2C8D0C008C162F /* Frameworks */,
				E11AA4DE1A2C8D0C008C162F /* Resources */,
			);
			buildRules = (
			);
			dependencies = (
				E11AA4E21A2C8D0C008C162F /* PBXTargetDependency */,
			);
			name = educalTests;
			productName = educalTests;
			productReference = E11AA4E01A2C8D0C008C162F /* educalTests.xctest */;
			productType = "com.apple.product-type.bundle.unit-test";
		};
/* End PBXNativeTarget section */

/* Begin PBXProject section */
		E11AA4C01A2C8D0C008C162F /* Project object */ = {
			isa = PBXProject;
			attributes = {
				LastUpgradeCheck = 0610;
				ORGANIZATIONNAME = "Jurriaan Lindhout";
				TargetAttributes = {
					E11AA4C71A2C8D0C008C162F = {
						CreatedOnToolsVersion = 6.1;
					};
					E11AA4DF1A2C8D0C008C162F = {
						CreatedOnToolsVersion = 6.1;
						TestTargetID = E11AA4C71A2C8D0C008C162F;
					};
				};
			};
			buildConfigurationList = E11AA4C31A2C8D0C008C162F /* Build configuration list for PBXProject "educal" */;
			compatibilityVersion = "Xcode 3.2";
			developmentRegion = English;
			hasScannedForEncodings = 0;
			knownRegions = (
				en,
				Base,
			);
			mainGroup = E11AA4BF1A2C8D0C008C162F;
			productRefGroup = E11AA4C91A2C8D0C008C162F /* Products */;
			projectDirPath = "";
			projectRoot = "";
			targets = (
				E11AA4C71A2C8D0C008C162F /* educal */,
				E11AA4DF1A2C8D0C008C162F /* educalTests */,
			);
		};
/* End PBXProject section */

/* Begin PBXResourcesBuildPhase section */
		E11AA4C61A2C8D0C008C162F /* Resources */ = {
			isa = PBXResourcesBuildPhase;
			buildActionMask = 2147483647;
			files = (
				E11AA4D61A2C8D0C008C162F /* Main.storyboard in Resources */,
				E11AA4DB1A2C8D0C008C162F /* LaunchScreen.xib in Resources */,
				E11AA4D81A2C8D0C008C162F /* Images.xcassets in Resources */,
			);
			runOnlyForDeploymentPostprocessing = 0;
		};
		E11AA4DE1A2C8D0C008C162F /* Resources */ = {
			isa = PBXResourcesBuildPhase;
			buildActionMask = 2147483647;
			files = (
			);
			runOnlyForDeploymentPostprocessing = 0;
		};
/* End PBXResourcesBuildPhase section */

/* Begin PBXSourcesBuildPhase section */
		E11AA4C41A2C8D0C008C162F /* Sources */ = {
			isa = PBXSourcesBuildPhase;
			buildActionMask = 2147483647;
			files = (
				284AA48A1A2C9DCF00B76945 /* ClassesTableViewController.swift in Sources */,
				E11AA4D31A2C8D0C008C162F /* ViewController.swift in Sources */,
				E11AA4CE1A2C8D0C008C162F /* AppDelegate.swift in Sources */,
				284AA4881A2C9AEA00B76945 /* NewFile.swift in Sources */,
				E15C109C1A2C9DCC00731772 /* LoginViewController.swift in Sources */,
				E11AA4D11A2C8D0C008C162F /* educal.xcdatamodeld in Sources */,
			);
			runOnlyForDeploymentPostprocessing = 0;
		};
		E11AA4DC1A2C8D0C008C162F /* Sources */ = {
			isa = PBXSourcesBuildPhase;
			buildActionMask = 2147483647;
			files = (
				E11AA4E71A2C8D0C008C162F /* educalTests.swift in Sources */,
			);
			runOnlyForDeploymentPostprocessing = 0;
		};
/* End PBXSourcesBuildPhase section */

/* Begin PBXTargetDependency section */
		E11AA4E21A2C8D0C008C162F /* PBXTargetDependency */ = {
			isa = PBXTargetDependency;
			target = E11AA4C71A2C8D0C008C162F /* educal */;
			targetProxy = E11AA4E11A2C8D0C008C162F /* PBXContainerItemProxy */;
		};
/* End PBXTargetDependency section */

/* Begin PBXVariantGroup section */
		E11AA4D41A2C8D0C008C162F /* Main.storyboard */ = {
			isa = PBXVariantGroup;
			children = (
				E11AA4D51A2C8D0C008C162F /* Base */,
			);
			name = Main.storyboard;
			sourceTree = "<group>";
		};
		E11AA4D91A2C8D0C008C162F /* LaunchScreen.xib */ = {
			isa = PBXVariantGroup;
			children = (
				E11AA4DA1A2C8D0C008C162F /* Base */,
			);
			name = LaunchScreen.xib;
			sourceTree = "<group>";
		};
/* End PBXVariantGroup section */

/* Begin XCBuildConfiguration section */
		E11AA4E81A2C8D0C008C162F /* Debug */ = {
			isa = XCBuildConfiguration;
			buildSettings = {
				ALWAYS_SEARCH_USER_PATHS = NO;
				CLANG_CXX_LANGUAGE_STANDARD = "gnu++0x";
				CLANG_CXX_LIBRARY = "libc++";
				CLANG_ENABLE_MODULES = YES;
				CLANG_ENABLE_OBJC_ARC = YES;
				CLANG_WARN_BOOL_CONVERSION = YES;
				CLANG_WARN_CONSTANT_CONVERSION = YES;
				CLANG_WARN_DIRECT_OBJC_ISA_USAGE = YES_ERROR;
				CLANG_WARN_EMPTY_BODY = YES;
				CLANG_WARN_ENUM_CONVERSION = YES;
				CLANG_WARN_INT_CONVERSION = YES;
				CLANG_WARN_OBJC_ROOT_CLASS = YES_ERROR;
				CLANG_WARN_UNREACHABLE_CODE = YES;
				CLANG_WARN__DUPLICATE_METHOD_MATCH = YES;
				"CODE_SIGN_IDENTITY[sdk=iphoneos*]" = "iPhone Developer";
				COPY_PHASE_STRIP = NO;
				ENABLE_STRICT_OBJC_MSGSEND = YES;
				GCC_C_LANGUAGE_STANDARD = gnu99;
				GCC_DYNAMIC_NO_PIC = NO;
				GCC_OPTIMIZATION_LEVEL = 0;
				GCC_PREPROCESSOR_DEFINITIONS = (
					"DEBUG=1",
					"$(inherited)",
				);
				GCC_SYMBOLS_PRIVATE_EXTERN = NO;
				GCC_WARN_64_TO_32_BIT_CONVERSION = YES;
				GCC_WARN_ABOUT_RETURN_TYPE = YES_ERROR;
				GCC_WARN_UNDECLARED_SELECTOR = YES;
				GCC_WARN_UNINITIALIZED_AUTOS = YES_AGGRESSIVE;
				GCC_WARN_UNUSED_FUNCTION = YES;
				GCC_WARN_UNUSED_VARIABLE = YES;
				IPHONEOS_DEPLOYMENT_TARGET = 8.1;
				MTL_ENABLE_DEBUG_INFO = YES;
				ONLY_ACTIVE_ARCH = YES;
				SDKROOT = iphoneos;
				SWIFT_OPTIMIZATION_LEVEL = "-Onone";
			};
			name = Debug;
		};
		E11AA4E91A2C8D0C008C162F /* Release */ = {
			isa = XCBuildConfiguration;
			buildSettings = {
				ALWAYS_SEARCH_USER_PATHS = NO;
				CLANG_CXX_LANGUAGE_STANDARD = "gnu++0x";
				CLANG_CXX_LIBRARY = "libc++";
				CLANG_ENABLE_MODULES = YES;
				CLANG_ENABLE_OBJC_ARC = YES;
				CLANG_WARN_BOOL_CONVERSION = YES;
				CLANG_WARN_CONSTANT_CONVERSION = YES;
				CLANG_WARN_DIRECT_OBJC_ISA_USAGE = YES_ERROR;
				CLANG_WARN_EMPTY_BODY = YES;
				CLANG_WARN_ENUM_CONVERSION = YES;
				CLANG_WARN_INT_CONVERSION = YES;
				CLANG_WARN_OBJC_ROOT_CLASS = YES_ERROR;
				CLANG_WARN_UNREACHABLE_CODE = YES;
				CLANG_WARN__DUPLICATE_METHOD_MATCH = YES;
				"CODE_SIGN_IDENTITY[sdk=iphoneos*]" = "iPhone Developer";
				COPY_PHASE_STRIP = YES;
				ENABLE_NS_ASSERTIONS = NO;
				ENABLE_STRICT_OBJC_MSGSEND = YES;
				GCC_C_LANGUAGE_STANDARD = gnu99;
				GCC_WARN_64_TO_32_BIT_CONVERSION = YES;
				GCC_WARN_ABOUT_RETURN_TYPE = YES_ERROR;
				GCC_WARN_UNDECLARED_SELECTOR = YES;
				GCC_WARN_UNINITIALIZED_AUTOS = YES_AGGRESSIVE;
				GCC_WARN_UNUSED_FUNCTION = YES;
				GCC_WARN_UNUSED_VARIABLE = YES;
				IPHONEOS_DEPLOYMENT_TARGET = 8.1;
				MTL_ENABLE_DEBUG_INFO = NO;
				SDKROOT = iphoneos;
				VALIDATE_PRODUCT = YES;
			};
			name = Release;
		};
		E11AA4EB1A2C8D0C008C162F /* Debug */ = {
			isa = XCBuildConfiguration;
			buildSettings = {
				ASSETCATALOG_COMPILER_APPICON_NAME = AppIcon;
				INFOPLIST_FILE = educal/Info.plist;
				LD_RUNPATH_SEARCH_PATHS = "$(inherited) @executable_path/Frameworks";
				PRODUCT_NAME = "$(TARGET_NAME)";
			};
			name = Debug;
		};
		E11AA4EC1A2C8D0C008C162F /* Release */ = {
			isa = XCBuildConfiguration;
			buildSettings = {
				ASSETCATALOG_COMPILER_APPICON_NAME = AppIcon;
				INFOPLIST_FILE = educal/Info.plist;
				LD_RUNPATH_SEARCH_PATHS = "$(inherited) @executable_path/Frameworks";
				PRODUCT_NAME = "$(TARGET_NAME)";
			};
			name = Release;
		};
		E11AA4EE1A2C8D0C008C162F /* Debug */ = {
			isa = XCBuildConfiguration;
			buildSettings = {
				BUNDLE_LOADER = "$(TEST_HOST)";
				FRAMEWORK_SEARCH_PATHS = (
					"$(SDKROOT)/Developer/Library/Frameworks",
					"$(inherited)",
				);
				GCC_PREPROCESSOR_DEFINITIONS = (
					"DEBUG=1",
					"$(inherited)",
				);
				INFOPLIST_FILE = educalTests/Info.plist;
				LD_RUNPATH_SEARCH_PATHS = "$(inherited) @executable_path/Frameworks @loader_path/Frameworks";
				PRODUCT_NAME = "$(TARGET_NAME)";
				TEST_HOST = "$(BUILT_PRODUCTS_DIR)/educal.app/educal";
			};
			name = Debug;
		};
		E11AA4EF1A2C8D0C008C162F /* Release */ = {
			isa = XCBuildConfiguration;
			buildSettings = {
				BUNDLE_LOADER = "$(TEST_HOST)";
				FRAMEWORK_SEARCH_PATHS = (
					"$(SDKROOT)/Developer/Library/Frameworks",
					"$(inherited)",
				);
				INFOPLIST_FILE = educalTests/Info.plist;
				LD_RUNPATH_SEARCH_PATHS = "$(inherited) @executable_path/Frameworks @loader_path/Frameworks";
				PRODUCT_NAME = "$(TARGET_NAME)";
				TEST_HOST = "$(BUILT_PRODUCTS_DIR)/educal.app/educal";
			};
			name = Release;
		};
/* End XCBuildConfiguration section */

/* Begin XCConfigurationList section */
		E11AA4C31A2C8D0C008C162F /* Build configuration list for PBXProject "educal" */ = {
			isa = XCConfigurationList;
			buildConfigurations = (
				E11AA4E81A2C8D0C008C162F /* Debug */,
				E11AA4E91A2C8D0C008C162F /* Release */,
			);
			defaultConfigurationIsVisible = 0;
			defaultConfigurationName = Release;
		};
		E11AA4EA1A2C8D0C008C162F /* Build configuration list for PBXNativeTarget "educal" */ = {
			isa = XCConfigurationList;
			buildConfigurations = (
				E11AA4EB1A2C8D0C008C162F /* Debug */,
				E11AA4EC1A2C8D0C008C162F /* Release */,
			);
			defaultConfigurationIsVisible = 0;
			defaultConfigurationName = Release;
		};
		E11AA4ED1A2C8D0C008C162F /* Build configuration list for PBXNativeTarget "educalTests" */ = {
			isa = XCConfigurationList;
			buildConfigurations = (
				E11AA4EE1A2C8D0C008C162F /* Debug */,
				E11AA4EF1A2C8D0C008C162F /* Release */,
			);
			defaultConfigurationIsVisible = 0;
			defaultConfigurationName = Release;
		};
/* End XCConfigurationList section */

/* Begin XCVersionGroup section */
		E11AA4CF1A2C8D0C008C162F /* educal.xcdatamodeld */ = {
			isa = XCVersionGroup;
			children = (
				E11AA4D01A2C8D0C008C162F /* educal.xcdatamodel */,
			);
			currentVersion = E11AA4D01A2C8D0C008C162F /* educal.xcdatamodel */;
			path = educal.xcdatamodeld;
			sourceTree = "<group>";
			versionGroupType = wrapper.xcdatamodel;
		};
/* End XCVersionGroup section */
	};
	rootObject = E11AA4C01A2C8D0C008C162F /* Project object */;
}
